
Microsoft Visual Studio Solution File, Format Version 12.00
# Visual Studio Version 17
VisualStudioVersion = 17.6.33723.286
MinimumVisualStudioVersion = 10.0.40219.1
Project("{FAE04EC0-301F-11D3-BF4B-00C04F79EFBC}") = "ServiceLabBD", "ServiceLabBD\ServiceLabBD.csproj", "{0D359FBF-36C0-4ACD-AA13-6A3ED931CF3D}"
EndProject
Global
	GlobalSection(SolutionConfigurationPlatforms) = preSolution
		Debug|Any CPU = Debug|Any CPU
		Release|Any CPU = Release|Any CPU
	EndGlobalSection
	GlobalSection(ProjectConfigurationPlatforms) = postSolution
		{0D359FBF-36C0-4ACD-AA13-6A3ED931CF3D}.Debug|Any CPU.ActiveCfg = Debug|Any CPU
		{0D359FBF-36C0-4ACD-AA13-6A3ED931CF3D}.Debug|Any CPU.Build.0 = Debug|Any CPU
		{0D359FBF-36C0-4ACD-AA13-6A3ED931CF3D}.Release|Any CPU.ActiveCfg = Release|Any CPU
		{0D359FBF-36C0-4ACD-AA13-6A3ED931CF3D}.Release|Any CPU.Build.0 = Release|Any CPU
	EndGlobalSection
	GlobalSection(SolutionProperties) = preSolution
		HideSolutionNode = FALSE
	EndGlobalSection
	GlobalSection(ExtensibilityGlobals) = postSolution
		SolutionGuid = {B3EF2626-9E75-4D40-8297-3E79F41B0F85}
	EndGlobalSection
EndGlobal
